
Microsoft Visual Studio Solution File, Format Version 12.00
# Visual Studio Version 17
VisualStudioVersion = 17.11.35312.102
MinimumVisualStudioVersion = 10.0.40219.1
Project("{9A19103F-16F7-4668-BE54-9A1E7A4F7556}") = "EFGetStarted", "EFGetStarted.csproj", "{E4983AA0-6025-4744-8AD4-F7E572E58A3B}"
EndProject
Global
	GlobalSection(SolutionConfigurationPlatforms) = preSolution
		Debug|Any CPU = Debug|Any CPU
		Release|Any CPU = Release|Any CPU
	EndGlobalSection
	GlobalSection(ProjectConfigurationPlatforms) = postSolution
		{E4983AA0-6025-4744-8AD4-F7E572E58A3B}.Debug|Any CPU.ActiveCfg = Debug|Any CPU
		{E4983AA0-6025-4744-8AD4-F7E572E58A3B}.Debug|Any CPU.Build.0 = Debug|Any CPU
		{E4983AA0-6025-4744-8AD4-F7E572E58A3B}.Release|Any CPU.ActiveCfg = Release|Any CPU
		{E4983AA0-6025-4744-8AD4-F7E572E58A3B}.Release|Any CPU.Build.0 = Release|Any CPU
	EndGlobalSection
	GlobalSection(SolutionProperties) = preSolution
		HideSolutionNode = FALSE
	EndGlobalSection
	GlobalSection(ExtensibilityGlobals) = postSolution
		SolutionGuid = {604944A8-385C-430F-8858-A312184A5A68}
	EndGlobalSection
EndGlobal
